// !$*UTF8*$!
{
	archiveVersion = 1;
	classes = {
	};
	objectVersion = 56;
	objects = {

/* Begin PBXBuildFile section */
		048E9A262CD8771E00105FD3 /* SolarSurvivalApp.swift in Sources */ = {isa = PBXBuildFile; fileRef = 048E9A252CD8771E00105FD3 /* SolarSurvivalApp.swift */; };
		048E9A282CD8771E00105FD3 /* ContentView.swift in Sources */ = {isa = PBXBuildFile; fileRef = 048E9A272CD8771E00105FD3 /* ContentView.swift */; };
		048E9A2A2CD8771F00105FD3 /* Assets.xcassets in Resources */ = {isa = PBXBuildFile; fileRef = 048E9A292CD8771F00105FD3 /* Assets.xcassets */; };
		048E9A2D2CD8771F00105FD3 /* Preview Assets.xcassets in Resources */ = {isa = PBXBuildFile; fileRef = 048E9A2C2CD8771F00105FD3 /* Preview Assets.xcassets */; };
		048E9A382CDDA78500105FD3 /* PlatformCollectibles.swift in Sources */ = {isa = PBXBuildFile; fileRef = 048E9A372CDDA78500105FD3 /* PlatformCollectibles.swift */; };
		048E9A3A2CE0A84D00105FD3 /* ProgressBuilding.swift in Sources */ = {isa = PBXBuildFile; fileRef = 048E9A392CE0A84D00105FD3 /* ProgressBuilding.swift */; };
		048E9A482CE8337100105FD3 /* Homepage.gif in Resources */ = {isa = PBXBuildFile; fileRef = 048E9A472CE8337100105FD3 /* Homepage.gif */; };
		048E9A4A2CE835FE00105FD3 /* HomePage.swift in Sources */ = {isa = PBXBuildFile; fileRef = 048E9A492CE835FE00105FD3 /* HomePage.swift */; };
		048E9A542CE8490E00105FD3 /* SDWebImageSwiftUI in Frameworks */ = {isa = PBXBuildFile; productRef = 048E9A532CE8490E00105FD3 /* SDWebImageSwiftUI */; };
		048E9A802CE88B3900105FD3 /* UsingItemsView.swift in Sources */ = {isa = PBXBuildFile; fileRef = 048E9A7F2CE88B3900105FD3 /* UsingItemsView.swift */; };
		59BAA8012CE83D190023EA90 /* NextLevelView.swift in Sources */ = {isa = PBXBuildFile; fileRef = 59BAA8002CE83D0F0023EA90 /* NextLevelView.swift */; };
		59BADA6D2CE887D100E57FB5 /* InfrastructureBuildingChoices.swift in Sources */ = {isa = PBXBuildFile; fileRef = 59BADA6C2CE887D100E57FB5 /* InfrastructureBuildingChoices.swift */; };
		D96186C52CE58BD50088C94B /* IMG_0234-removebg-preview.png in Resources */ = {isa = PBXBuildFile; fileRef = D96186C02CE58BD50088C94B /* IMG_0234-removebg-preview.png */; };
		D96186C62CE58BD50088C94B /* IMG_0237-removebg-preview.png in Resources */ = {isa = PBXBuildFile; fileRef = D96186C32CE58BD50088C94B /* IMG_0237-removebg-preview.png */; };
		D96186C82CE58BD50088C94B /* IMG_0233-removebg-preview.png in Resources */ = {isa = PBXBuildFile; fileRef = D96186BF2CE58BD50088C94B /* IMG_0233-removebg-preview.png */; };
		D96186C92CE58BD50088C94B /* IMG_0220-removebg-preview.png in Resources */ = {isa = PBXBuildFile; fileRef = D96186B82CE58BD50088C94B /* IMG_0220-removebg-preview.png */; };
		D96186CB2CE58BD50088C94B /* Homepage img2.png in Resources */ = {isa = PBXBuildFile; fileRef = D96186B52CE58BD50088C94B /* Homepage img2.png */; };
		D96186CC2CE58BD50088C94B /* IMG_0235-removebg-preview 5.png in Resources */ = {isa = PBXBuildFile; fileRef = D96186C12CE58BD50088C94B /* IMG_0235-removebg-preview 5.png */; };
		D96186CD2CE58BD50088C94B /* IMG_0239-removebg-preview 3.png in Resources */ = {isa = PBXBuildFile; fileRef = D96186C42CE58BD50088C94B /* IMG_0239-removebg-preview 3.png */; };
		D96186CE2CE58BD50088C94B /* IMG_0222-removebg-preview.png in Resources */ = {isa = PBXBuildFile; fileRef = D96186BA2CE58BD50088C94B /* IMG_0222-removebg-preview.png */; };
		D96186CF2CE58BD50088C94B /* IMG_0221-removebg-preview.png in Resources */ = {isa = PBXBuildFile; fileRef = D96186B92CE58BD50088C94B /* IMG_0221-removebg-preview.png */; };
		D96186D02CE58BD50088C94B /* IMG_0225-removebg-preview.png in Resources */ = {isa = PBXBuildFile; fileRef = D96186BD2CE58BD50088C94B /* IMG_0225-removebg-preview.png */; };
		D96186D12CE58BD50088C94B /* IMG_0224-removebg-preview.png in Resources */ = {isa = PBXBuildFile; fileRef = D96186BC2CE58BD50088C94B /* IMG_0224-removebg-preview.png */; };
		D96186D22CE58BD50088C94B /* IMG_0229-removebg-preview.png in Resources */ = {isa = PBXBuildFile; fileRef = D96186BE2CE58BD50088C94B /* IMG_0229-removebg-preview.png */; };
		D96186D32CE58BD50088C94B /* IMG_0223-removebg-preview.png in Resources */ = {isa = PBXBuildFile; fileRef = D96186BB2CE58BD50088C94B /* IMG_0223-removebg-preview.png */; };
		D96186D52CE58BD50088C94B /* IMG_0236-removebg-preview.png in Resources */ = {isa = PBXBuildFile; fileRef = D96186C22CE58BD50088C94B /* IMG_0236-removebg-preview.png */; };
		D96186DB2CE593D00088C94B /* MainPage.swift in Sources */ = {isa = PBXBuildFile; fileRef = D96186DA2CE593D00088C94B /* MainPage.swift */; };
		D96186E72CE779B50088C94B /* CongratView.swift in Sources */ = {isa = PBXBuildFile; fileRef = D96186E62CE779AD0088C94B /* CongratView.swift */; };
		D9EFF5F62CE83B3C000EDAD8 /* astronaut1.png in Resources */ = {isa = PBXBuildFile; fileRef = D9EFF5F42CE83B3C000EDAD8 /* astronaut1.png */; };
		D9EFF5F72CE83B3C000EDAD8 /* Astronaut2.png in Resources */ = {isa = PBXBuildFile; fileRef = D9EFF5F52CE83B3C000EDAD8 /* Astronaut2.png */; };
		D9EFF5FB2CE83CEC000EDAD8 /* moon surface img.png in Resources */ = {isa = PBXBuildFile; fileRef = D9EFF5FA2CE83CEC000EDAD8 /* moon surface img.png */; };
		D9EFF5FF2CE8448E000EDAD8 /* Rocket1.png in Resources */ = {isa = PBXBuildFile; fileRef = D9EFF5FE2CE8448E000EDAD8 /* Rocket1.png */; };
		D9EFF6032CE847DC000EDAD8 /* Astro building.png in Resources */ = {isa = PBXBuildFile; fileRef = D9EFF6022CE847DC000EDAD8 /* Astro building.png */; };
/* End PBXBuildFile section */

/* Begin PBXFileReference section */
		048E9A222CD8771E00105FD3 /* SolarSurvival.app */ = {isa = PBXFileReference; explicitFileType = wrapper.application; includeInIndex = 0; path = SolarSurvival.app; sourceTree = BUILT_PRODUCTS_DIR; };
		048E9A252CD8771E00105FD3 /* SolarSurvivalApp.swift */ = {isa = PBXFileReference; lastKnownFileType = sourcecode.swift; path = SolarSurvivalApp.swift; sourceTree = "<group>"; };
		048E9A272CD8771E00105FD3 /* ContentView.swift */ = {isa = PBXFileReference; lastKnownFileType = sourcecode.swift; path = ContentView.swift; sourceTree = "<group>"; };
		048E9A292CD8771F00105FD3 /* Assets.xcassets */ = {isa = PBXFileReference; lastKnownFileType = folder.assetcatalog; path = Assets.xcassets; sourceTree = "<group>"; };
		048E9A2C2CD8771F00105FD3 /* Preview Assets.xcassets */ = {isa = PBXFileReference; lastKnownFileType = folder.assetcatalog; path = "Preview Assets.xcassets"; sourceTree = "<group>"; };
		048E9A372CDDA78500105FD3 /* PlatformCollectibles.swift */ = {isa = PBXFileReference; lastKnownFileType = sourcecode.swift; path = PlatformCollectibles.swift; sourceTree = "<group>"; };
		048E9A392CE0A84D00105FD3 /* ProgressBuilding.swift */ = {isa = PBXFileReference; lastKnownFileType = sourcecode.swift; path = ProgressBuilding.swift; sourceTree = "<group>"; };
		048E9A472CE8337100105FD3 /* Homepage.gif */ = {isa = PBXFileReference; lastKnownFileType = image.gif; path = Homepage.gif; sourceTree = "<group>"; };
		048E9A492CE835FE00105FD3 /* HomePage.swift */ = {isa = PBXFileReference; lastKnownFileType = sourcecode.swift; path = HomePage.swift; sourceTree = "<group>"; };
		048E9A7F2CE88B3900105FD3 /* UsingItemsView.swift */ = {isa = PBXFileReference; lastKnownFileType = sourcecode.swift; path = UsingItemsView.swift; sourceTree = "<group>"; };
		59BAA8002CE83D0F0023EA90 /* NextLevelView.swift */ = {isa = PBXFileReference; lastKnownFileType = sourcecode.swift; path = NextLevelView.swift; sourceTree = "<group>"; };
		59BADA6C2CE887D100E57FB5 /* InfrastructureBuildingChoices.swift */ = {isa = PBXFileReference; lastKnownFileType = sourcecode.swift; path = InfrastructureBuildingChoices.swift; sourceTree = "<group>"; };
		D96186B52CE58BD50088C94B /* Homepage img2.png */ = {isa = PBXFileReference; lastKnownFileType = image.png; path = "Homepage img2.png"; sourceTree = "<group>"; };
		D96186B82CE58BD50088C94B /* IMG_0220-removebg-preview.png */ = {isa = PBXFileReference; lastKnownFileType = image.png; path = "IMG_0220-removebg-preview.png"; sourceTree = "<group>"; };
		D96186B92CE58BD50088C94B /* IMG_0221-removebg-preview.png */ = {isa = PBXFileReference; lastKnownFileType = image.png; path = "IMG_0221-removebg-preview.png"; sourceTree = "<group>"; };
		D96186BA2CE58BD50088C94B /* IMG_0222-removebg-preview.png */ = {isa = PBXFileReference; lastKnownFileType = image.png; path = "IMG_0222-removebg-preview.png"; sourceTree = "<group>"; };
		D96186BB2CE58BD50088C94B /* IMG_0223-removebg-preview.png */ = {isa = PBXFileReference; lastKnownFileType = image.png; path = "IMG_0223-removebg-preview.png"; sourceTree = "<group>"; };
		D96186BC2CE58BD50088C94B /* IMG_0224-removebg-preview.png */ = {isa = PBXFileReference; lastKnownFileType = image.png; path = "IMG_0224-removebg-preview.png"; sourceTree = "<group>"; };
		D96186BD2CE58BD50088C94B /* IMG_0225-removebg-preview.png */ = {isa = PBXFileReference; lastKnownFileType = image.png; path = "IMG_0225-removebg-preview.png"; sourceTree = "<group>"; };
		D96186BE2CE58BD50088C94B /* IMG_0229-removebg-preview.png */ = {isa = PBXFileReference; lastKnownFileType = image.png; path = "IMG_0229-removebg-preview.png"; sourceTree = "<group>"; };
		D96186BF2CE58BD50088C94B /* IMG_0233-removebg-preview.png */ = {isa = PBXFileReference; lastKnownFileType = image.png; path = "IMG_0233-removebg-preview.png"; sourceTree = "<group>"; };
		D96186C02CE58BD50088C94B /* IMG_0234-removebg-preview.png */ = {isa = PBXFileReference; lastKnownFileType = image.png; path = "IMG_0234-removebg-preview.png"; sourceTree = "<group>"; };
		D96186C12CE58BD50088C94B /* IMG_0235-removebg-preview 5.png */ = {isa = PBXFileReference; lastKnownFileType = image.png; path = "IMG_0235-removebg-preview 5.png"; sourceTree = "<group>"; };
		D96186C22CE58BD50088C94B /* IMG_0236-removebg-preview.png */ = {isa = PBXFileReference; lastKnownFileType = image.png; path = "IMG_0236-removebg-preview.png"; sourceTree = "<group>"; };
		D96186C32CE58BD50088C94B /* IMG_0237-removebg-preview.png */ = {isa = PBXFileReference; lastKnownFileType = image.png; path = "IMG_0237-removebg-preview.png"; sourceTree = "<group>"; };
		D96186C42CE58BD50088C94B /* IMG_0239-removebg-preview 3.png */ = {isa = PBXFileReference; lastKnownFileType = image.png; path = "IMG_0239-removebg-preview 3.png"; sourceTree = "<group>"; };
		D96186DA2CE593D00088C94B /* MainPage.swift */ = {isa = PBXFileReference; lastKnownFileType = sourcecode.swift; path = MainPage.swift; sourceTree = "<group>"; };
		D96186E62CE779AD0088C94B /* CongratView.swift */ = {isa = PBXFileReference; lastKnownFileType = sourcecode.swift; path = CongratView.swift; sourceTree = "<group>"; };
		D9EFF5F42CE83B3C000EDAD8 /* astronaut1.png */ = {isa = PBXFileReference; lastKnownFileType = image.png; path = astronaut1.png; sourceTree = "<group>"; };
		D9EFF5F52CE83B3C000EDAD8 /* Astronaut2.png */ = {isa = PBXFileReference; lastKnownFileType = image.png; path = Astronaut2.png; sourceTree = "<group>"; };
		D9EFF5FA2CE83CEC000EDAD8 /* moon surface img.png */ = {isa = PBXFileReference; lastKnownFileType = image.png; path = "moon surface img.png"; sourceTree = "<group>"; };
		D9EFF5FE2CE8448E000EDAD8 /* Rocket1.png */ = {isa = PBXFileReference; lastKnownFileType = image.png; path = Rocket1.png; sourceTree = "<group>"; };
		D9EFF6022CE847DC000EDAD8 /* Astro building.png */ = {isa = PBXFileReference; lastKnownFileType = image.png; path = "Astro building.png"; sourceTree = "<group>"; };
/* End PBXFileReference section */

/* Begin PBXFrameworksBuildPhase section */
		048E9A1F2CD8771E00105FD3 /* Frameworks */ = {
			isa = PBXFrameworksBuildPhase;
			buildActionMask = 2147483647;
			files = (
				048E9A542CE8490E00105FD3 /* SDWebImageSwiftUI in Frameworks */,
			);
			runOnlyForDeploymentPostprocessing = 0;
		};
/* End PBXFrameworksBuildPhase section */

/* Begin PBXGroup section */
		048E9A192CD8771D00105FD3 = {
			isa = PBXGroup;
			children = (
				048E9A372CDDA78500105FD3 /* PlatformCollectibles.swift */,
				048E9A242CD8771E00105FD3 /* SolarSurvival */,
				048E9A232CD8771E00105FD3 /* Products */,
			);
			sourceTree = "<group>";
		};
		048E9A232CD8771E00105FD3 /* Products */ = {
			isa = PBXGroup;
			children = (
				048E9A222CD8771E00105FD3 /* SolarSurvival.app */,
			);
			name = Products;
			sourceTree = "<group>";
		};
		048E9A242CD8771E00105FD3 /* SolarSurvival */ = {
			isa = PBXGroup;
			children = (
				59BADA6C2CE887D100E57FB5 /* InfrastructureBuildingChoices.swift */,
				048E9A7F2CE88B3900105FD3 /* UsingItemsView.swift */,
				59BAA8002CE83D0F0023EA90 /* NextLevelView.swift */,
				D96186DA2CE593D00088C94B /* MainPage.swift */,
				048E9A492CE835FE00105FD3 /* HomePage.swift */,
				048E9A392CE0A84D00105FD3 /* ProgressBuilding.swift */,
				048E9A252CD8771E00105FD3 /* SolarSurvivalApp.swift */,
				048E9A272CD8771E00105FD3 /* ContentView.swift */,
				D96186E62CE779AD0088C94B /* CongratView.swift */,
				048E9A292CD8771F00105FD3 /* Assets.xcassets */,
				D96186B52CE58BD50088C94B /* Homepage img2.png */,
				D9EFF5FA2CE83CEC000EDAD8 /* moon surface img.png */,
				D96186B82CE58BD50088C94B /* IMG_0220-removebg-preview.png */,
				D96186B92CE58BD50088C94B /* IMG_0221-removebg-preview.png */,
				D96186BA2CE58BD50088C94B /* IMG_0222-removebg-preview.png */,
				D96186BB2CE58BD50088C94B /* IMG_0223-removebg-preview.png */,
				D96186BC2CE58BD50088C94B /* IMG_0224-removebg-preview.png */,
				D96186BD2CE58BD50088C94B /* IMG_0225-removebg-preview.png */,
				D96186BE2CE58BD50088C94B /* IMG_0229-removebg-preview.png */,
				D96186BF2CE58BD50088C94B /* IMG_0233-removebg-preview.png */,
				D96186C02CE58BD50088C94B /* IMG_0234-removebg-preview.png */,
				D96186C12CE58BD50088C94B /* IMG_0235-removebg-preview 5.png */,
				D96186C22CE58BD50088C94B /* IMG_0236-removebg-preview.png */,
				D96186C32CE58BD50088C94B /* IMG_0237-removebg-preview.png */,
				D96186C42CE58BD50088C94B /* IMG_0239-removebg-preview 3.png */,
				048E9A472CE8337100105FD3 /* Homepage.gif */,
				D9EFF6022CE847DC000EDAD8 /* Astro building.png */,
				D9EFF5FE2CE8448E000EDAD8 /* Rocket1.png */,
				D9EFF5F42CE83B3C000EDAD8 /* astronaut1.png */,
				D9EFF5F52CE83B3C000EDAD8 /* Astronaut2.png */,
				048E9A2B2CD8771F00105FD3 /* Preview Content */,
			);
			path = SolarSurvival;
			sourceTree = "<group>";
		};
		048E9A2B2CD8771F00105FD3 /* Preview Content */ = {
			isa = PBXGroup;
			children = (
				048E9A2C2CD8771F00105FD3 /* Preview Assets.xcassets */,
			);
			path = "Preview Content";
			sourceTree = "<group>";
		};
/* End PBXGroup section */

/* Begin PBXNativeTarget section */
		048E9A212CD8771E00105FD3 /* SolarSurvival */ = {
			isa = PBXNativeTarget;
			buildConfigurationList = 048E9A302CD8771F00105FD3 /* Build configuration list for PBXNativeTarget "SolarSurvival" */;
			buildPhases = (
				048E9A1E2CD8771E00105FD3 /* Sources */,
				048E9A1F2CD8771E00105FD3 /* Frameworks */,
				048E9A202CD8771E00105FD3 /* Resources */,
			);
			buildRules = (
			);
			dependencies = (
			);
			name = SolarSurvival;
			packageProductDependencies = (
				048E9A532CE8490E00105FD3 /* SDWebImageSwiftUI */,
			);
			productName = SolarSurvival;
			productReference = 048E9A222CD8771E00105FD3 /* SolarSurvival.app */;
			productType = "com.apple.product-type.application";
		};
/* End PBXNativeTarget section */

/* Begin PBXProject section */
		048E9A1A2CD8771D00105FD3 /* Project object */ = {
			isa = PBXProject;
			attributes = {
				BuildIndependentTargetsInParallel = 1;
				LastSwiftUpdateCheck = 1540;
				LastUpgradeCheck = 1540;
				TargetAttributes = {
					048E9A212CD8771E00105FD3 = {
						CreatedOnToolsVersion = 15.4;
					};
				};
			};
			buildConfigurationList = 048E9A1D2CD8771D00105FD3 /* Build configuration list for PBXProject "SolarSurvival" */;
			compatibilityVersion = "Xcode 14.0";
			developmentRegion = en;
			hasScannedForEncodings = 0;
			knownRegions = (
				en,
				Base,
			);
			mainGroup = 048E9A192CD8771D00105FD3;
			packageReferences = (
				048E9A3F2CE8314300105FD3 /* XCRemoteSwiftPackageReference "SDWebImage" */,
				048E9A442CE831C700105FD3 /* XCRemoteSwiftPackageReference "SDWebImageSwiftUI" */,
			);
			productRefGroup = 048E9A232CD8771E00105FD3 /* Products */;
			projectDirPath = "";
			projectRoot = "";
			targets = (
				048E9A212CD8771E00105FD3 /* SolarSurvival */,
			);
		};
/* End PBXProject section */

/* Begin PBXResourcesBuildPhase section */
		048E9A202CD8771E00105FD3 /* Resources */ = {
			isa = PBXResourcesBuildPhase;
			buildActionMask = 2147483647;
			files = (
				D96186C52CE58BD50088C94B /* IMG_0234-removebg-preview.png in Resources */,
				D96186C62CE58BD50088C94B /* IMG_0237-removebg-preview.png in Resources */,
				D96186C82CE58BD50088C94B /* IMG_0233-removebg-preview.png in Resources */,
				D9EFF5FB2CE83CEC000EDAD8 /* moon surface img.png in Resources */,
				D96186C92CE58BD50088C94B /* IMG_0220-removebg-preview.png in Resources */,
				D96186CB2CE58BD50088C94B /* Homepage img2.png in Resources */,
				D9EFF6032CE847DC000EDAD8 /* Astro building.png in Resources */,
				D9EFF5FF2CE8448E000EDAD8 /* Rocket1.png in Resources */,
				D96186CC2CE58BD50088C94B /* IMG_0235-removebg-preview 5.png in Resources */,
				D96186CD2CE58BD50088C94B /* IMG_0239-removebg-preview 3.png in Resources */,
				D9EFF5F62CE83B3C000EDAD8 /* astronaut1.png in Resources */,
				D9EFF5F72CE83B3C000EDAD8 /* Astronaut2.png in Resources */,
				D96186CE2CE58BD50088C94B /* IMG_0222-removebg-preview.png in Resources */,
				D96186CF2CE58BD50088C94B /* IMG_0221-removebg-preview.png in Resources */,
				D96186D02CE58BD50088C94B /* IMG_0225-removebg-preview.png in Resources */,
				D96186D12CE58BD50088C94B /* IMG_0224-removebg-preview.png in Resources */,
				048E9A482CE8337100105FD3 /* Homepage.gif in Resources */,
				D96186D22CE58BD50088C94B /* IMG_0229-removebg-preview.png in Resources */,
				D96186D32CE58BD50088C94B /* IMG_0223-removebg-preview.png in Resources */,
				D96186D52CE58BD50088C94B /* IMG_0236-removebg-preview.png in Resources */,
				048E9A2D2CD8771F00105FD3 /* Preview Assets.xcassets in Resources */,
				048E9A2A2CD8771F00105FD3 /* Assets.xcassets in Resources */,
			);
			runOnlyForDeploymentPostprocessing = 0;
		};
/* End PBXResourcesBuildPhase section */

/* Begin PBXSourcesBuildPhase section */
		048E9A1E2CD8771E00105FD3 /* Sources */ = {
			isa = PBXSourcesBuildPhase;
			buildActionMask = 2147483647;
			files = (
				59BAA8012CE83D190023EA90 /* NextLevelView.swift in Sources */,
				048E9A282CD8771E00105FD3 /* ContentView.swift in Sources */,
				59BADA6D2CE887D100E57FB5 /* InfrastructureBuildingChoices.swift in Sources */,
				048E9A3A2CE0A84D00105FD3 /* ProgressBuilding.swift in Sources */,
				048E9A262CD8771E00105FD3 /* SolarSurvivalApp.swift in Sources */,
				048E9A382CDDA78500105FD3 /* PlatformCollectibles.swift in Sources */,
				048E9A802CE88B3900105FD3 /* UsingItemsView.swift in Sources */,
				D96186DB2CE593D00088C94B /* MainPage.swift in Sources */,
				D96186E72CE779B50088C94B /* CongratView.swift in Sources */,
				048E9A4A2CE835FE00105FD3 /* HomePage.swift in Sources */,
			);
			runOnlyForDeploymentPostprocessing = 0;
		};
/* End PBXSourcesBuildPhase section */

/* Begin XCBuildConfiguration section */
		048E9A2E2CD8771F00105FD3 /* Debug */ = {
			isa = XCBuildConfiguration;
			buildSettings = {
				ALWAYS_SEARCH_USER_PATHS = NO;
				ASSETCATALOG_COMPILER_GENERATE_SWIFT_ASSET_SYMBOL_EXTENSIONS = YES;
				CLANG_ANALYZER_NONNULL = YES;
				CLANG_ANALYZER_NUMBER_OBJECT_CONVERSION = YES_AGGRESSIVE;
				CLANG_CXX_LANGUAGE_STANDARD = "gnu++20";
				CLANG_ENABLE_MODULES = YES;
				CLANG_ENABLE_OBJC_ARC = YES;
				CLANG_ENABLE_OBJC_WEAK = YES;
				CLANG_WARN_BLOCK_CAPTURE_AUTORELEASING = YES;
				CLANG_WARN_BOOL_CONVERSION = YES;
				CLANG_WARN_COMMA = YES;
				CLANG_WARN_CONSTANT_CONVERSION = YES;
				CLANG_WARN_DEPRECATED_OBJC_IMPLEMENTATIONS = YES;
				CLANG_WARN_DIRECT_OBJC_ISA_USAGE = YES_ERROR;
				CLANG_WARN_DOCUMENTATION_COMMENTS = YES;
				CLANG_WARN_EMPTY_BODY = YES;
				CLANG_WARN_ENUM_CONVERSION = YES;
				CLANG_WARN_INFINITE_RECURSION = YES;
				CLANG_WARN_INT_CONVERSION = YES;
				CLANG_WARN_NON_LITERAL_NULL_CONVERSION = YES;
				CLANG_WARN_OBJC_IMPLICIT_RETAIN_SELF = YES;
				CLANG_WARN_OBJC_LITERAL_CONVERSION = YES;
				CLANG_WARN_OBJC_ROOT_CLASS = YES_ERROR;
				CLANG_WARN_QUOTED_INCLUDE_IN_FRAMEWORK_HEADER = YES;
				CLANG_WARN_RANGE_LOOP_ANALYSIS = YES;
				CLANG_WARN_STRICT_PROTOTYPES = YES;
				CLANG_WARN_SUSPICIOUS_MOVE = YES;
				CLANG_WARN_UNGUARDED_AVAILABILITY = YES_AGGRESSIVE;
				CLANG_WARN_UNREACHABLE_CODE = YES;
				CLANG_WARN__DUPLICATE_METHOD_MATCH = YES;
				COPY_PHASE_STRIP = NO;
				DEBUG_INFORMATION_FORMAT = dwarf;
				ENABLE_STRICT_OBJC_MSGSEND = YES;
				ENABLE_TESTABILITY = YES;
				ENABLE_USER_SCRIPT_SANDBOXING = YES;
				GCC_C_LANGUAGE_STANDARD = gnu17;
				GCC_DYNAMIC_NO_PIC = NO;
				GCC_NO_COMMON_BLOCKS = YES;
				GCC_OPTIMIZATION_LEVEL = 0;
				GCC_PREPROCESSOR_DEFINITIONS = (
					"DEBUG=1",
					"$(inherited)",
				);
				GCC_WARN_64_TO_32_BIT_CONVERSION = YES;
				GCC_WARN_ABOUT_RETURN_TYPE = YES_ERROR;
				GCC_WARN_UNDECLARED_SELECTOR = YES;
				GCC_WARN_UNINITIALIZED_AUTOS = YES_AGGRESSIVE;
				GCC_WARN_UNUSED_FUNCTION = YES;
				GCC_WARN_UNUSED_VARIABLE = YES;
				IPHONEOS_DEPLOYMENT_TARGET = 17.5;
				LOCALIZATION_PREFERS_STRING_CATALOGS = YES;
				MTL_ENABLE_DEBUG_INFO = INCLUDE_SOURCE;
				MTL_FAST_MATH = YES;
				ONLY_ACTIVE_ARCH = YES;
				SDKROOT = iphoneos;
				SWIFT_ACTIVE_COMPILATION_CONDITIONS = "DEBUG $(inherited)";
				SWIFT_OPTIMIZATION_LEVEL = "-Onone";
			};
			name = Debug;
		};
		048E9A2F2CD8771F00105FD3 /* Release */ = {
			isa = XCBuildConfiguration;
			buildSettings = {
				ALWAYS_SEARCH_USER_PATHS = NO;
				ASSETCATALOG_COMPILER_GENERATE_SWIFT_ASSET_SYMBOL_EXTENSIONS = YES;
				CLANG_ANALYZER_NONNULL = YES;
				CLANG_ANALYZER_NUMBER_OBJECT_CONVERSION = YES_AGGRESSIVE;
				CLANG_CXX_LANGUAGE_STANDARD = "gnu++20";
				CLANG_ENABLE_MODULES = YES;
				CLANG_ENABLE_OBJC_ARC = YES;
				CLANG_ENABLE_OBJC_WEAK = YES;
				CLANG_WARN_BLOCK_CAPTURE_AUTORELEASING = YES;
				CLANG_WARN_BOOL_CONVERSION = YES;
				CLANG_WARN_COMMA = YES;
				CLANG_WARN_CONSTANT_CONVERSION = YES;
				CLANG_WARN_DEPRECATED_OBJC_IMPLEMENTATIONS = YES;
				CLANG_WARN_DIRECT_OBJC_ISA_USAGE = YES_ERROR;
				CLANG_WARN_DOCUMENTATION_COMMENTS = YES;
				CLANG_WARN_EMPTY_BODY = YES;
				CLANG_WARN_ENUM_CONVERSION = YES;
				CLANG_WARN_INFINITE_RECURSION = YES;
				CLANG_WARN_INT_CONVERSION = YES;
				CLANG_WARN_NON_LITERAL_NULL_CONVERSION = YES;
				CLANG_WARN_OBJC_IMPLICIT_RETAIN_SELF = YES;
				CLANG_WARN_OBJC_LITERAL_CONVERSION = YES;
				CLANG_WARN_OBJC_ROOT_CLASS = YES_ERROR;
				CLANG_WARN_QUOTED_INCLUDE_IN_FRAMEWORK_HEADER = YES;
				CLANG_WARN_RANGE_LOOP_ANALYSIS = YES;
				CLANG_WARN_STRICT_PROTOTYPES = YES;
				CLANG_WARN_SUSPICIOUS_MOVE = YES;
				CLANG_WARN_UNGUARDED_AVAILABILITY = YES_AGGRESSIVE;
				CLANG_WARN_UNREACHABLE_CODE = YES;
				CLANG_WARN__DUPLICATE_METHOD_MATCH = YES;
				COPY_PHASE_STRIP = NO;
				DEBUG_INFORMATION_FORMAT = "dwarf-with-dsym";
				ENABLE_NS_ASSERTIONS = NO;
				ENABLE_STRICT_OBJC_MSGSEND = YES;
				ENABLE_USER_SCRIPT_SANDBOXING = YES;
				GCC_C_LANGUAGE_STANDARD = gnu17;
				GCC_NO_COMMON_BLOCKS = YES;
				GCC_WARN_64_TO_32_BIT_CONVERSION = YES;
				GCC_WARN_ABOUT_RETURN_TYPE = YES_ERROR;
				GCC_WARN_UNDECLARED_SELECTOR = YES;
				GCC_WARN_UNINITIALIZED_AUTOS = YES_AGGRESSIVE;
				GCC_WARN_UNUSED_FUNCTION = YES;
				GCC_WARN_UNUSED_VARIABLE = YES;
				IPHONEOS_DEPLOYMENT_TARGET = 17.5;
				LOCALIZATION_PREFERS_STRING_CATALOGS = YES;
				MTL_ENABLE_DEBUG_INFO = NO;
				MTL_FAST_MATH = YES;
				SDKROOT = iphoneos;
				SWIFT_COMPILATION_MODE = wholemodule;
				VALIDATE_PRODUCT = YES;
			};
			name = Release;
		};
		048E9A312CD8771F00105FD3 /* Debug */ = {
			isa = XCBuildConfiguration;
			buildSettings = {
				ASSETCATALOG_COMPILER_APPICON_NAME = AppIcon;
				ASSETCATALOG_COMPILER_GLOBAL_ACCENT_COLOR_NAME = AccentColor;
				CODE_SIGN_STYLE = Automatic;
				CURRENT_PROJECT_VERSION = 1;
				DEVELOPMENT_ASSET_PATHS = "\"SolarSurvival/Preview Content\"";
				DEVELOPMENT_TEAM = 7H539QRB34;
				ENABLE_PREVIEWS = YES;
				GENERATE_INFOPLIST_FILE = YES;
				INFOPLIST_KEY_UIApplicationSceneManifest_Generation = YES;
				INFOPLIST_KEY_UIApplicationSupportsIndirectInputEvents = YES;
				INFOPLIST_KEY_UILaunchScreen_Generation = YES;
				INFOPLIST_KEY_UIStatusBarStyle = "";
				INFOPLIST_KEY_UISupportedInterfaceOrientations = "UIInterfaceOrientationLandscapeLeft UIInterfaceOrientationLandscapeRight";
				IPHONEOS_DEPLOYMENT_TARGET = 16.7;
				LD_RUNPATH_SEARCH_PATHS = (
					"$(inherited)",
					"@executable_path/Frameworks",
				);
				MARKETING_VERSION = 1.0;
				PRODUCT_BUNDLE_IDENTIFIER = BryanNguyen.SolarSurvival;
				PRODUCT_NAME = "$(TARGET_NAME)";
				SWIFT_EMIT_LOC_STRINGS = YES;
				SWIFT_VERSION = 5.0;
				TARGETED_DEVICE_FAMILY = "1,2";
			};
			name = Debug;
		};
		048E9A322CD8771F00105FD3 /* Release */ = {
			isa = XCBuildConfiguration;
			buildSettings = {
				ASSETCATALOG_COMPILER_APPICON_NAME = AppIcon;
				ASSETCATALOG_COMPILER_GLOBAL_ACCENT_COLOR_NAME = AccentColor;
				CODE_SIGN_STYLE = Automatic;
				CURRENT_PROJECT_VERSION = 1;
				DEVELOPMENT_ASSET_PATHS = "\"SolarSurvival/Preview Content\"";
				DEVELOPMENT_TEAM = 7H539QRB34;
				ENABLE_PREVIEWS = YES;
				GENERATE_INFOPLIST_FILE = YES;
				INFOPLIST_KEY_UIApplicationSceneManifest_Generation = YES;
				INFOPLIST_KEY_UIApplicationSupportsIndirectInputEvents = YES;
				INFOPLIST_KEY_UILaunchScreen_Generation = YES;
				INFOPLIST_KEY_UIStatusBarStyle = "";
				INFOPLIST_KEY_UISupportedInterfaceOrientations = "UIInterfaceOrientationLandscapeLeft UIInterfaceOrientationLandscapeRight";
				IPHONEOS_DEPLOYMENT_TARGET = 16.7;
				LD_RUNPATH_SEARCH_PATHS = (
					"$(inherited)",
					"@executable_path/Frameworks",
				);
				MARKETING_VERSION = 1.0;
				PRODUCT_BUNDLE_IDENTIFIER = BryanNguyen.SolarSurvival;
				PRODUCT_NAME = "$(TARGET_NAME)";
				SWIFT_EMIT_LOC_STRINGS = YES;
				SWIFT_VERSION = 5.0;
				TARGETED_DEVICE_FAMILY = "1,2";
			};
			name = Release;
		};
/* End XCBuildConfiguration section */

/* Begin XCConfigurationList section */
		048E9A1D2CD8771D00105FD3 /* Build configuration list for PBXProject "SolarSurvival" */ = {
			isa = XCConfigurationList;
			buildConfigurations = (
				048E9A2E2CD8771F00105FD3 /* Debug */,
				048E9A2F2CD8771F00105FD3 /* Release */,
			);
			defaultConfigurationIsVisible = 0;
			defaultConfigurationName = Release;
		};
		048E9A302CD8771F00105FD3 /* Build configuration list for PBXNativeTarget "SolarSurvival" */ = {
			isa = XCConfigurationList;
			buildConfigurations = (
				048E9A312CD8771F00105FD3 /* Debug */,
				048E9A322CD8771F00105FD3 /* Release */,
			);
			defaultConfigurationIsVisible = 0;
			defaultConfigurationName = Release;
		};
/* End XCConfigurationList section */

/* Begin XCRemoteSwiftPackageReference section */
		048E9A3F2CE8314300105FD3 /* XCRemoteSwiftPackageReference "SDWebImage" */ = {
			isa = XCRemoteSwiftPackageReference;
			repositoryURL = "https://github.com/SDWebImage/SDWebImage";
			requirement = {
				kind = upToNextMajorVersion;
				minimumVersion = 5.20.0;
			};
		};
		048E9A442CE831C700105FD3 /* XCRemoteSwiftPackageReference "SDWebImageSwiftUI" */ = {
			isa = XCRemoteSwiftPackageReference;
			repositoryURL = "https://github.com/SDWebImage/SDWebImageSwiftUI";
			requirement = {
				kind = upToNextMajorVersion;
				minimumVersion = 3.1.3;
			};
		};
/* End XCRemoteSwiftPackageReference section */

/* Begin XCSwiftPackageProductDependency section */
		048E9A532CE8490E00105FD3 /* SDWebImageSwiftUI */ = {
			isa = XCSwiftPackageProductDependency;
			package = 048E9A442CE831C700105FD3 /* XCRemoteSwiftPackageReference "SDWebImageSwiftUI" */;
			productName = SDWebImageSwiftUI;
		};
/* End XCSwiftPackageProductDependency section */
	};
	rootObject = 048E9A1A2CD8771D00105FD3 /* Project object */;
}
